// !$*UTF8*$!
{
	archiveVersion = 1;
	classes = {
	};
	objectVersion = 46;
	objects = {

/* Begin PBXBuildFile section */
		1104C2CE1C8EAD1C00B50B5F /* GISTrackViewController.swift in Sources */ = {isa = PBXBuildFile; fileRef = 1104C2CD1C8EAD1C00B50B5F /* GISTrackViewController.swift */; };
		1104C2D61C8EBDB100B50B5F /* MoreViewController.swift in Sources */ = {isa = PBXBuildFile; fileRef = 1104C2D51C8EBDB100B50B5F /* MoreViewController.swift */; };
		110645AA1C4725F300795996 /* Tool.swift in Sources */ = {isa = PBXBuildFile; fileRef = 110645A91C4725F300795996 /* Tool.swift */; };
		110645AC1C47643800795996 /* ClockInRequired.swift in Sources */ = {isa = PBXBuildFile; fileRef = 110645AB1C47643800795996 /* ClockInRequired.swift */; };
		110B810B1C4616F600FE136D /* LoginedInfo.swift in Sources */ = {isa = PBXBuildFile; fileRef = 110B810A1C4616F600FE136D /* LoginedInfo.swift */; };
		110B810E1C46175E00FE136D /* BaseObject.swift in Sources */ = {isa = PBXBuildFile; fileRef = 110B810D1C46175E00FE136D /* BaseObject.swift */; };
		110B81101C46189100FE136D /* ScheduledDayItem.swift in Sources */ = {isa = PBXBuildFile; fileRef = 110B810F1C46189100FE136D /* ScheduledDayItem.swift */; };
		110B81141C4625B300FE136D /* ClockTextCell.swift in Sources */ = {isa = PBXBuildFile; fileRef = 110B81131C4625B300FE136D /* ClockTextCell.swift */; };
		11104F8A1C589ED100DF7922 /* DeviceTokenRequired.swift in Sources */ = {isa = PBXBuildFile; fileRef = 11104F891C589ED100DF7922 /* DeviceTokenRequired.swift */; };
		1110E04E1CABFA0300AE132F /* cl_log.swift in Sources */ = {isa = PBXBuildFile; fileRef = 1110E04D1CABFA0300AE132F /* cl_log.swift */; };
		1110E0561CABFB5700AE132F /* logs.swift in Sources */ = {isa = PBXBuildFile; fileRef = 1110E0551CABFB5700AE132F /* logs.swift */; };
		1110E0581CABFDB100AE132F /* logFile.swift in Sources */ = {isa = PBXBuildFile; fileRef = 1110E0571CABFDB100AE132F /* logFile.swift */; };
		11128F5D1C3E0EE2006390C1 /* AppDelegate.swift in Sources */ = {isa = PBXBuildFile; fileRef = 11128F5C1C3E0EE2006390C1 /* AppDelegate.swift */; };
		11128F651C3E0EE2006390C1 /* BA_Clock.xcdatamodeld in Sources */ = {isa = PBXBuildFile; fileRef = 11128F631C3E0EE2006390C1 /* BA_Clock.xcdatamodeld */; };
		11128F671C3E0EE2006390C1 /* Assets.xcassets in Resources */ = {isa = PBXBuildFile; fileRef = 11128F661C3E0EE2006390C1 /* Assets.xcassets */; };
		11128F6A1C3E0EE2006390C1 /* LaunchScreen.storyboard in Resources */ = {isa = PBXBuildFile; fileRef = 11128F681C3E0EE2006390C1 /* LaunchScreen.storyboard */; };
		11128F761C3E3789006390C1 /* LoginViewController.swift in Sources */ = {isa = PBXBuildFile; fileRef = 11128F751C3E3789006390C1 /* LoginViewController.swift */; };
		11128F8F1C3E3869006390C1 /* Alamofire.framework in Frameworks */ = {isa = PBXBuildFile; fileRef = 11128F821C3E385D006390C1 /* Alamofire.framework */; };
		11128F901C3E3869006390C1 /* Alamofire.framework in Embed Frameworks */ = {isa = PBXBuildFile; fileRef = 11128F821C3E385D006390C1 /* Alamofire.framework */; settings = {ATTRIBUTES = (CodeSignOnCopy, RemoveHeadersOnCopy, ); }; };
		11128F951C3E38A6006390C1 /* BaseViewController.swift in Sources */ = {isa = PBXBuildFile; fileRef = 11128F941C3E38A6006390C1 /* BaseViewController.swift */; };
		11128F971C3E38D4006390C1 /* CConstants.swift in Sources */ = {isa = PBXBuildFile; fileRef = 11128F961C3E38D4006390C1 /* CConstants.swift */; };
		1116A7AA1C8FB60400438FBB /* MoreActionRequired.swift in Sources */ = {isa = PBXBuildFile; fileRef = 1116A7A91C8FB60400438FBB /* MoreActionRequired.swift */; };
		111A25131C5342C70013A9CA /* LocationTracker.m in Sources */ = {isa = PBXBuildFile; fileRef = 111A250D1C5342C70013A9CA /* LocationTracker.m */; };
		111A25141C5342C70013A9CA /* LocationShareModel.m in Sources */ = {isa = PBXBuildFile; fileRef = 111A250F1C5342C70013A9CA /* LocationShareModel.m */; };
		111A25151C5342C70013A9CA /* BackgroundTaskManager.m in Sources */ = {isa = PBXBuildFile; fileRef = 111A25111C5342C70013A9CA /* BackgroundTaskManager.m */; };
		111AA6AD1C48C93D00BD4098 /* SubmitLocationRequired.swift in Sources */ = {isa = PBXBuildFile; fileRef = 111AA6AC1C48C93D00BD4098 /* SubmitLocationRequired.swift */; };
		111BF4B71C4E121600C94E66 /* OAuthTokenItem.swift in Sources */ = {isa = PBXBuildFile; fileRef = 111BF4B61C4E121600C94E66 /* OAuthTokenItem.swift */; };
		111BF4C01C4E22AC00C94E66 /* ClockResponse.swift in Sources */ = {isa = PBXBuildFile; fileRef = 111BF4BF1C4E22AC00C94E66 /* ClockResponse.swift */; };
		111FF7E61C92906200960FD3 /* AgreementViewController.swift in Sources */ = {isa = PBXBuildFile; fileRef = 111FF7E51C92906200960FD3 /* AgreementViewController.swift */; };
		112D38991C9A72A100E98E9C /* TextTableViewCell.swift in Sources */ = {isa = PBXBuildFile; fileRef = 112D38981C9A72A100E98E9C /* TextTableViewCell.swift */; };
		11561A0F1C4F6C3D007A049A /* Main.storyboard in Resources */ = {isa = PBXBuildFile; fileRef = 11561A0E1C4F6C3D007A049A /* Main.storyboard */; };
		1158DA6F1C44CF3A0022B2D5 /* MapKit.framework in Frameworks */ = {isa = PBXBuildFile; fileRef = 1158DA6E1C44CF3A0022B2D5 /* MapKit.framework */; };
		1158DA791C44CF930022B2D5 /* ClockMapViewController.swift in Sources */ = {isa = PBXBuildFile; fileRef = 1158DA781C44CF930022B2D5 /* ClockMapViewController.swift */; };
		11632BFC1CD3261100B70C44 /* timeSelectorViewController.swift in Sources */ = {isa = PBXBuildFile; fileRef = 11632BFB1CD3261100B70C44 /* timeSelectorViewController.swift */; };
		11632C041CD32F9D00B70C44 /* MoreTableViewCell.swift in Sources */ = {isa = PBXBuildFile; fileRef = 11632C031CD32F9D00B70C44 /* MoreTableViewCell.swift */; };
		11632C061CD357BE00B70C44 /* noteTableViewCell.swift in Sources */ = {isa = PBXBuildFile; fileRef = 11632C051CD357BE00B70C44 /* noteTableViewCell.swift */; };
		1166D8571C4CC8CE00878F7C /* LoginRequired.swift in Sources */ = {isa = PBXBuildFile; fileRef = 1166D8561C4CC8CE00878F7C /* LoginRequired.swift */; };
		11810D3F1C476F6E00298DD9 /* RequiredBaseObject.swift in Sources */ = {isa = PBXBuildFile; fileRef = 11810D3E1C476F6E00298DD9 /* RequiredBaseObject.swift */; };
		11810D481C4788EC00298DD9 /* ClockMapCell.swift in Sources */ = {isa = PBXBuildFile; fileRef = 11810D471C4788EC00298DD9 /* ClockMapCell.swift */; };
		11810D4A1C478C2800298DD9 /* CoordinateObject.swift in Sources */ = {isa = PBXBuildFile; fileRef = 11810D491C478C2800298DD9 /* CoordinateObject.swift */; };
		1189AC4B1C5F3E3400E407FE /* MapViewController.swift in Sources */ = {isa = PBXBuildFile; fileRef = 1189AC4A1C5F3E3400E407FE /* MapViewController.swift */; };
		1189AC4E1C5F4A1C00E407FE /* CustomAnnotation.swift in Sources */ = {isa = PBXBuildFile; fileRef = 1189AC4D1C5F4A1C00E407FE /* CustomAnnotation.swift */; };
		11BCEBD21C608D3E007726D4 /* TrackDotItem.swift in Sources */ = {isa = PBXBuildFile; fileRef = 11BCEBD11C608D3E007726D4 /* TrackDotItem.swift */; };
		11C3B1721C56008300E50193 /* cl_Frequency.swift in Sources */ = {isa = PBXBuildFile; fileRef = 11C3B1711C56008300E50193 /* cl_Frequency.swift */; };
		11E889431C4F57FE003E9633 /* cl_coreData.swift in Sources */ = {isa = PBXBuildFile; fileRef = 11E889421C4F57FE003E9633 /* cl_coreData.swift */; };
		11F256C41C48CA08009353CD /* ClockOutRequired.swift in Sources */ = {isa = PBXBuildFile; fileRef = 11F256C31C48CA08009353CD /* ClockOutRequired.swift */; };
		11F8DC301C50A981002E4736 /* FrequencyItem.swift in Sources */ = {isa = PBXBuildFile; fileRef = 11F8DC2F1C50A981002E4736 /* FrequencyItem.swift */; };
		7C1686CA2158C40A6F00EEC4 /* libPods-BA-Clock.a in Frameworks */ = {isa = PBXBuildFile; fileRef = DD3E751F02820BA23FF63338 /* libPods-BA-Clock.a */; };
/* End PBXBuildFile section */

/* Begin PBXContainerItemProxy section */
		11128F811C3E385D006390C1 /* PBXContainerItemProxy */ = {
			isa = PBXContainerItemProxy;
			containerPortal = 11128F771C3E385D006390C1 /* Alamofire.xcodeproj */;
			proxyType = 2;
			remoteGlobalIDString = F8111E3319A95C8B0040E7D1;
			remoteInfo = "Alamofire iOS";
		};
		11128F831C3E385D006390C1 /* PBXContainerItemProxy */ = {
			isa = PBXContainerItemProxy;
			containerPortal = 11128F771C3E385D006390C1 /* Alamofire.xcodeproj */;
			proxyType = 2;
			remoteGlobalIDString = F8111E3E19A95C8B0040E7D1;
			remoteInfo = "Alamofire iOS Tests";
		};
		11128F851C3E385D006390C1 /* PBXContainerItemProxy */ = {
			isa = PBXContainerItemProxy;
			containerPortal = 11128F771C3E385D006390C1 /* Alamofire.xcodeproj */;
			proxyType = 2;
			remoteGlobalIDString = 4DD67C0B1A5C55C900ED2280;
			remoteInfo = "Alamofire OSX";
		};
		11128F871C3E385D006390C1 /* PBXContainerItemProxy */ = {
			isa = PBXContainerItemProxy;
			containerPortal = 11128F771C3E385D006390C1 /* Alamofire.xcodeproj */;
			proxyType = 2;
			remoteGlobalIDString = F829C6B21A7A94F100A2CD59;
			remoteInfo = "Alamofire OSX Tests";
		};
		11128F891C3E385D006390C1 /* PBXContainerItemProxy */ = {
			isa = PBXContainerItemProxy;
			containerPortal = 11128F771C3E385D006390C1 /* Alamofire.xcodeproj */;
			proxyType = 2;
			remoteGlobalIDString = 4CF626EF1BA7CB3E0011A099;
			remoteInfo = "Alamofire tvOS";
		};
		11128F8B1C3E385D006390C1 /* PBXContainerItemProxy */ = {
			isa = PBXContainerItemProxy;
			containerPortal = 11128F771C3E385D006390C1 /* Alamofire.xcodeproj */;
			proxyType = 2;
			remoteGlobalIDString = 4CF626F81BA7CB3E0011A099;
			remoteInfo = "Alamofire tvOS Tests";
		};
		11128F8D1C3E385D006390C1 /* PBXContainerItemProxy */ = {
			isa = PBXContainerItemProxy;
			containerPortal = 11128F771C3E385D006390C1 /* Alamofire.xcodeproj */;
			proxyType = 2;
			remoteGlobalIDString = E4202FE01B667AA100C997FB;
			remoteInfo = "Alamofire watchOS";
		};
		11128F911C3E3869006390C1 /* PBXContainerItemProxy */ = {
			isa = PBXContainerItemProxy;
			containerPortal = 11128F771C3E385D006390C1 /* Alamofire.xcodeproj */;
			proxyType = 1;
			remoteGlobalIDString = F8111E3219A95C8B0040E7D1;
			remoteInfo = "Alamofire iOS";
		};
/* End PBXContainerItemProxy section */

/* Begin PBXCopyFilesBuildPhase section */
		11128F931C3E3869006390C1 /* Embed Frameworks */ = {
			isa = PBXCopyFilesBuildPhase;
			buildActionMask = 2147483647;
			dstPath = "";
			dstSubfolderSpec = 10;
			files = (
				11128F901C3E3869006390C1 /* Alamofire.framework in Embed Frameworks */,
			);
			name = "Embed Frameworks";
			runOnlyForDeploymentPostprocessing = 0;
		};
/* End PBXCopyFilesBuildPhase section */

/* Begin PBXFileReference section */
		1104C2CD1C8EAD1C00B50B5F /* GISTrackViewController.swift */ = {isa = PBXFileReference; fileEncoding = 4; lastKnownFileType = sourcecode.swift; path = GISTrackViewController.swift; sourceTree = "<group>"; };
		1104C2D51C8EBDB100B50B5F /* MoreViewController.swift */ = {isa = PBXFileReference; fileEncoding = 4; lastKnownFileType = sourcecode.swift; path = MoreViewController.swift; sourceTree = "<group>"; };
		110645A91C4725F300795996 /* Tool.swift */ = {isa = PBXFileReference; fileEncoding = 4; lastKnownFileType = sourcecode.swift; path = Tool.swift; sourceTree = "<group>"; };
		110645AB1C47643800795996 /* ClockInRequired.swift */ = {isa = PBXFileReference; fileEncoding = 4; lastKnownFileType = sourcecode.swift; path = ClockInRequired.swift; sourceTree = "<group>"; };
		110B80FF1C45DF7500FE136D /* BA-Clock-Bridging-Header.h */ = {isa = PBXFileReference; lastKnownFileType = sourcecode.c.h; path = "BA-Clock-Bridging-Header.h"; sourceTree = "<group>"; };
		110B810A1C4616F600FE136D /* LoginedInfo.swift */ = {isa = PBXFileReference; fileEncoding = 4; lastKnownFileType = sourcecode.swift; path = LoginedInfo.swift; sourceTree = "<group>"; };
		110B810D1C46175E00FE136D /* BaseObject.swift */ = {isa = PBXFileReference; fileEncoding = 4; lastKnownFileType = sourcecode.swift; path = BaseObject.swift; sourceTree = "<group>"; };
		110B810F1C46189100FE136D /* ScheduledDayItem.swift */ = {isa = PBXFileReference; fileEncoding = 4; lastKnownFileType = sourcecode.swift; path = ScheduledDayItem.swift; sourceTree = "<group>"; };
		110B81131C4625B300FE136D /* ClockTextCell.swift */ = {isa = PBXFileReference; fileEncoding = 4; lastKnownFileType = sourcecode.swift; path = ClockTextCell.swift; sourceTree = "<group>"; };
		11104F891C589ED100DF7922 /* DeviceTokenRequired.swift */ = {isa = PBXFileReference; fileEncoding = 4; lastKnownFileType = sourcecode.swift; path = DeviceTokenRequired.swift; sourceTree = "<group>"; };
		1110E04D1CABFA0300AE132F /* cl_log.swift */ = {isa = PBXFileReference; fileEncoding = 4; lastKnownFileType = sourcecode.swift; path = cl_log.swift; sourceTree = "<group>"; };
		1110E0551CABFB5700AE132F /* logs.swift */ = {isa = PBXFileReference; fileEncoding = 4; lastKnownFileType = sourcecode.swift; path = logs.swift; sourceTree = "<group>"; };
		1110E0571CABFDB100AE132F /* logFile.swift */ = {isa = PBXFileReference; fileEncoding = 4; lastKnownFileType = sourcecode.swift; path = logFile.swift; sourceTree = "<group>"; };
		11128F591C3E0EE2006390C1 /* BA-Clock.app */ = {isa = PBXFileReference; explicitFileType = wrapper.application; includeInIndex = 0; path = "BA-Clock.app"; sourceTree = BUILT_PRODUCTS_DIR; };
		11128F5C1C3E0EE2006390C1 /* AppDelegate.swift */ = {isa = PBXFileReference; lastKnownFileType = sourcecode.swift; path = AppDelegate.swift; sourceTree = "<group>"; };
		11128F641C3E0EE2006390C1 /* BA_Clock.xcdatamodel */ = {isa = PBXFileReference; lastKnownFileType = wrapper.xcdatamodel; path = BA_Clock.xcdatamodel; sourceTree = "<group>"; };
		11128F661C3E0EE2006390C1 /* Assets.xcassets */ = {isa = PBXFileReference; lastKnownFileType = folder.assetcatalog; path = Assets.xcassets; sourceTree = "<group>"; };
		11128F691C3E0EE2006390C1 /* Base */ = {isa = PBXFileReference; lastKnownFileType = file.storyboard; name = Base; path = Base.lproj/LaunchScreen.storyboard; sourceTree = "<group>"; };
		11128F6B1C3E0EE2006390C1 /* Info.plist */ = {isa = PBXFileReference; lastKnownFileType = text.plist.xml; path = Info.plist; sourceTree = "<group>"; };
		11128F751C3E3789006390C1 /* LoginViewController.swift */ = {isa = PBXFileReference; fileEncoding = 4; lastKnownFileType = sourcecode.swift; path = LoginViewController.swift; sourceTree = "<group>"; };
		11128F771C3E385D006390C1 /* Alamofire.xcodeproj */ = {isa = PBXFileReference; lastKnownFileType = "wrapper.pb-project"; name = Alamofire.xcodeproj; path = "Alamofire-master/Alamofire.xcodeproj"; sourceTree = "<group>"; };
		11128F941C3E38A6006390C1 /* BaseViewController.swift */ = {isa = PBXFileReference; fileEncoding = 4; lastKnownFileType = sourcecode.swift; path = BaseViewController.swift; sourceTree = "<group>"; };
		11128F961C3E38D4006390C1 /* CConstants.swift */ = {isa = PBXFileReference; fileEncoding = 4; lastKnownFileType = sourcecode.swift; path = CConstants.swift; sourceTree = "<group>"; };
		1116A7A91C8FB60400438FBB /* MoreActionRequired.swift */ = {isa = PBXFileReference; fileEncoding = 4; lastKnownFileType = sourcecode.swift; path = MoreActionRequired.swift; sourceTree = "<group>"; };
		111A250D1C5342C70013A9CA /* LocationTracker.m */ = {isa = PBXFileReference; fileEncoding = 4; lastKnownFileType = sourcecode.c.objc; path = LocationTracker.m; sourceTree = "<group>"; };
		111A250E1C5342C70013A9CA /* LocationTracker.h */ = {isa = PBXFileReference; fileEncoding = 4; lastKnownFileType = sourcecode.c.h; path = LocationTracker.h; sourceTree = "<group>"; };
		111A250F1C5342C70013A9CA /* LocationShareModel.m */ = {isa = PBXFileReference; fileEncoding = 4; lastKnownFileType = sourcecode.c.objc; path = LocationShareModel.m; sourceTree = "<group>"; };
		111A25101C5342C70013A9CA /* LocationShareModel.h */ = {isa = PBXFileReference; fileEncoding = 4; lastKnownFileType = sourcecode.c.h; path = LocationShareModel.h; sourceTree = "<group>"; };
		111A25111C5342C70013A9CA /* BackgroundTaskManager.m */ = {isa = PBXFileReference; fileEncoding = 4; lastKnownFileType = sourcecode.c.objc; path = BackgroundTaskManager.m; sourceTree = "<group>"; };
		111A25121C5342C70013A9CA /* BackgroundTaskManager.h */ = {isa = PBXFileReference; fileEncoding = 4; lastKnownFileType = sourcecode.c.h; path = BackgroundTaskManager.h; sourceTree = "<group>"; };
		111AA6AC1C48C93D00BD4098 /* SubmitLocationRequired.swift */ = {isa = PBXFileReference; fileEncoding = 4; lastKnownFileType = sourcecode.swift; path = SubmitLocationRequired.swift; sourceTree = "<group>"; };
		111BF4B61C4E121600C94E66 /* OAuthTokenItem.swift */ = {isa = PBXFileReference; fileEncoding = 4; lastKnownFileType = sourcecode.swift; path = OAuthTokenItem.swift; sourceTree = "<group>"; };
		111BF4BF1C4E22AC00C94E66 /* ClockResponse.swift */ = {isa = PBXFileReference; fileEncoding = 4; lastKnownFileType = sourcecode.swift; path = ClockResponse.swift; sourceTree = "<group>"; };
		111FF7E51C92906200960FD3 /* AgreementViewController.swift */ = {isa = PBXFileReference; fileEncoding = 4; lastKnownFileType = sourcecode.swift; path = AgreementViewController.swift; sourceTree = "<group>"; };
		112D38981C9A72A100E98E9C /* TextTableViewCell.swift */ = {isa = PBXFileReference; fileEncoding = 4; lastKnownFileType = sourcecode.swift; path = TextTableViewCell.swift; sourceTree = "<group>"; };
		11561A0E1C4F6C3D007A049A /* Main.storyboard */ = {isa = PBXFileReference; fileEncoding = 4; lastKnownFileType = file.storyboard; path = Main.storyboard; sourceTree = "<group>"; };
		1158DA6E1C44CF3A0022B2D5 /* MapKit.framework */ = {isa = PBXFileReference; lastKnownFileType = wrapper.framework; name = MapKit.framework; path = System/Library/Frameworks/MapKit.framework; sourceTree = SDKROOT; };
		1158DA781C44CF930022B2D5 /* ClockMapViewController.swift */ = {isa = PBXFileReference; fileEncoding = 4; lastKnownFileType = sourcecode.swift; path = ClockMapViewController.swift; sourceTree = "<group>"; };
		11632BFB1CD3261100B70C44 /* timeSelectorViewController.swift */ = {isa = PBXFileReference; fileEncoding = 4; lastKnownFileType = sourcecode.swift; path = timeSelectorViewController.swift; sourceTree = "<group>"; };
		11632C031CD32F9D00B70C44 /* MoreTableViewCell.swift */ = {isa = PBXFileReference; fileEncoding = 4; lastKnownFileType = sourcecode.swift; path = MoreTableViewCell.swift; sourceTree = "<group>"; };
		11632C051CD357BE00B70C44 /* noteTableViewCell.swift */ = {isa = PBXFileReference; fileEncoding = 4; lastKnownFileType = sourcecode.swift; path = noteTableViewCell.swift; sourceTree = "<group>"; };
		1166D8561C4CC8CE00878F7C /* LoginRequired.swift */ = {isa = PBXFileReference; fileEncoding = 4; lastKnownFileType = sourcecode.swift; path = LoginRequired.swift; sourceTree = "<group>"; };
		11810D3E1C476F6E00298DD9 /* RequiredBaseObject.swift */ = {isa = PBXFileReference; fileEncoding = 4; lastKnownFileType = sourcecode.swift; path = RequiredBaseObject.swift; sourceTree = "<group>"; };
		11810D471C4788EC00298DD9 /* ClockMapCell.swift */ = {isa = PBXFileReference; fileEncoding = 4; lastKnownFileType = sourcecode.swift; path = ClockMapCell.swift; sourceTree = "<group>"; };
		11810D491C478C2800298DD9 /* CoordinateObject.swift */ = {isa = PBXFileReference; fileEncoding = 4; lastKnownFileType = sourcecode.swift; path = CoordinateObject.swift; sourceTree = "<group>"; };
		1189AC4A1C5F3E3400E407FE /* MapViewController.swift */ = {isa = PBXFileReference; fileEncoding = 4; lastKnownFileType = sourcecode.swift; path = MapViewController.swift; sourceTree = "<group>"; };
		1189AC4D1C5F4A1C00E407FE /* CustomAnnotation.swift */ = {isa = PBXFileReference; fileEncoding = 4; lastKnownFileType = sourcecode.swift; path = CustomAnnotation.swift; sourceTree = "<group>"; };
		11BCEBD11C608D3E007726D4 /* TrackDotItem.swift */ = {isa = PBXFileReference; fileEncoding = 4; lastKnownFileType = sourcecode.swift; path = TrackDotItem.swift; sourceTree = "<group>"; };
		11C3B1711C56008300E50193 /* cl_Frequency.swift */ = {isa = PBXFileReference; fileEncoding = 4; lastKnownFileType = sourcecode.swift; path = cl_Frequency.swift; sourceTree = "<group>"; };
		11E889421C4F57FE003E9633 /* cl_coreData.swift */ = {isa = PBXFileReference; fileEncoding = 4; lastKnownFileType = sourcecode.swift; path = cl_coreData.swift; sourceTree = "<group>"; };
		11F256C31C48CA08009353CD /* ClockOutRequired.swift */ = {isa = PBXFileReference; fileEncoding = 4; lastKnownFileType = sourcecode.swift; path = ClockOutRequired.swift; sourceTree = "<group>"; };
		11F8DC2F1C50A981002E4736 /* FrequencyItem.swift */ = {isa = PBXFileReference; fileEncoding = 4; lastKnownFileType = sourcecode.swift; path = FrequencyItem.swift; sourceTree = "<group>"; };
		3C5C896F08706DD1428A0ED8 /* Pods-BA-Clock.debug.xcconfig */ = {isa = PBXFileReference; includeInIndex = 1; lastKnownFileType = text.xcconfig; name = "Pods-BA-Clock.debug.xcconfig"; path = "Pods/Target Support Files/Pods-BA-Clock/Pods-BA-Clock.debug.xcconfig"; sourceTree = "<group>"; };
		41515ADC4D8E6DED1032837D /* Pods-BA-Clock.release.xcconfig */ = {isa = PBXFileReference; includeInIndex = 1; lastKnownFileType = text.xcconfig; name = "Pods-BA-Clock.release.xcconfig"; path = "Pods/Target Support Files/Pods-BA-Clock/Pods-BA-Clock.release.xcconfig"; sourceTree = "<group>"; };
		DD3E751F02820BA23FF63338 /* libPods-BA-Clock.a */ = {isa = PBXFileReference; explicitFileType = archive.ar; includeInIndex = 0; path = "libPods-BA-Clock.a"; sourceTree = BUILT_PRODUCTS_DIR; };
/* End PBXFileReference section */

/* Begin PBXFrameworksBuildPhase section */
		11128F561C3E0EE2006390C1 /* Frameworks */ = {
			isa = PBXFrameworksBuildPhase;
			buildActionMask = 2147483647;
			files = (
				1158DA6F1C44CF3A0022B2D5 /* MapKit.framework in Frameworks */,
				11128F8F1C3E3869006390C1 /* Alamofire.framework in Frameworks */,
				7C1686CA2158C40A6F00EEC4 /* libPods-BA-Clock.a in Frameworks */,
			);
			runOnlyForDeploymentPostprocessing = 0;
		};
/* End PBXFrameworksBuildPhase section */

/* Begin PBXGroup section */
		110645A21C4725D900795996 /* Tools */ = {
			isa = PBXGroup;
			children = (
				110645A91C4725F300795996 /* Tool.swift */,
			);
			name = Tools;
			path = CustomControl/Tools;
			sourceTree = "<group>";
		};
		110B81091C45FBD700FE136D /* Models */ = {
			isa = PBXGroup;
			children = (
				110B810D1C46175E00FE136D /* BaseObject.swift */,
				110B810A1C4616F600FE136D /* LoginedInfo.swift */,
				110B810F1C46189100FE136D /* ScheduledDayItem.swift */,
				110645AB1C47643800795996 /* ClockInRequired.swift */,
				11810D3E1C476F6E00298DD9 /* RequiredBaseObject.swift */,
				11810D491C478C2800298DD9 /* CoordinateObject.swift */,
				111AA6AC1C48C93D00BD4098 /* SubmitLocationRequired.swift */,
				11F256C31C48CA08009353CD /* ClockOutRequired.swift */,
				1166D8561C4CC8CE00878F7C /* LoginRequired.swift */,
				111BF4B61C4E121600C94E66 /* OAuthTokenItem.swift */,
				111BF4BF1C4E22AC00C94E66 /* ClockResponse.swift */,
				11F8DC2F1C50A981002E4736 /* FrequencyItem.swift */,
				11104F891C589ED100DF7922 /* DeviceTokenRequired.swift */,
				11BCEBD11C608D3E007726D4 /* TrackDotItem.swift */,
				1116A7A91C8FB60400438FBB /* MoreActionRequired.swift */,
			);
			name = Models;
			path = Views/Models;
			sourceTree = "<group>";
		};
		110B81121C46259F00FE136D /* CustomControl */ = {
			isa = PBXGroup;
			children = (
				110B81131C4625B300FE136D /* ClockTextCell.swift */,
				11810D471C4788EC00298DD9 /* ClockMapCell.swift */,
				1189AC4D1C5F4A1C00E407FE /* CustomAnnotation.swift */,
				112D38981C9A72A100E98E9C /* TextTableViewCell.swift */,
			);
			path = CustomControl;
			sourceTree = "<group>";
		};
		11128F501C3E0EE2006390C1 = {
			isa = PBXGroup;
			children = (
				11561A0E1C4F6C3D007A049A /* Main.storyboard */,
				1158DA6E1C44CF3A0022B2D5 /* MapKit.framework */,
				11128F771C3E385D006390C1 /* Alamofire.xcodeproj */,
				11128F5B1C3E0EE2006390C1 /* BA-Clock */,
				11128F5A1C3E0EE2006390C1 /* Products */,
				40E3546B5740D77F373767CF /* Pods */,
				89592751F8F74FFAC20BD0BA /* Frameworks */,
			);
			sourceTree = "<group>";
		};
		11128F5A1C3E0EE2006390C1 /* Products */ = {
			isa = PBXGroup;
			children = (
				11128F591C3E0EE2006390C1 /* BA-Clock.app */,
			);
			name = Products;
			sourceTree = "<group>";
		};
		11128F5B1C3E0EE2006390C1 /* BA-Clock */ = {
			isa = PBXGroup;
			children = (
				111A25061C5342780013A9CA /* TrackLocation */,
				11E889401C4F5632003E9633 /* CoreData */,
				110645A21C4725D900795996 /* Tools */,
				110B81121C46259F00FE136D /* CustomControl */,
				110B81091C45FBD700FE136D /* Models */,
				11128F721C3E35CA006390C1 /* Views */,
				11128F5C1C3E0EE2006390C1 /* AppDelegate.swift */,
				11128F661C3E0EE2006390C1 /* Assets.xcassets */,
				11128F681C3E0EE2006390C1 /* LaunchScreen.storyboard */,
				11128F6B1C3E0EE2006390C1 /* Info.plist */,
				11128F631C3E0EE2006390C1 /* BA_Clock.xcdatamodeld */,
			);
			path = "BA-Clock";
			sourceTree = "<group>";
		};
		11128F721C3E35CA006390C1 /* Views */ = {
			isa = PBXGroup;
			children = (
				11128F961C3E38D4006390C1 /* CConstants.swift */,
				11128F941C3E38A6006390C1 /* BaseViewController.swift */,
				11128F751C3E3789006390C1 /* LoginViewController.swift */,
				1158DA781C44CF930022B2D5 /* ClockMapViewController.swift */,
				110B80FF1C45DF7500FE136D /* BA-Clock-Bridging-Header.h */,
				1189AC4A1C5F3E3400E407FE /* MapViewController.swift */,
				1104C2CD1C8EAD1C00B50B5F /* GISTrackViewController.swift */,
				1104C2D51C8EBDB100B50B5F /* MoreViewController.swift */,
				111FF7E51C92906200960FD3 /* AgreementViewController.swift */,
				1110E0571CABFDB100AE132F /* logFile.swift */,
				11632BFB1CD3261100B70C44 /* timeSelectorViewController.swift */,
				11632C031CD32F9D00B70C44 /* MoreTableViewCell.swift */,
				11632C051CD357BE00B70C44 /* noteTableViewCell.swift */,
			);
			path = Views;
			sourceTree = "<group>";
		};
		11128F781C3E385D006390C1 /* Products */ = {
			isa = PBXGroup;
			children = (
				11128F821C3E385D006390C1 /* Alamofire.framework */,
				11128F841C3E385D006390C1 /* Alamofire iOS Tests.xctest */,
				11128F861C3E385D006390C1 /* Alamofire.framework */,
				11128F881C3E385D006390C1 /* Alamofire OSX Tests.xctest */,
				11128F8A1C3E385D006390C1 /* Alamofire.framework */,
				11128F8C1C3E385D006390C1 /* Alamofire tvOS Tests.xctest */,
				11128F8E1C3E385D006390C1 /* Alamofire.framework */,
			);
			name = Products;
			sourceTree = "<group>";
		};
		111A25061C5342780013A9CA /* TrackLocation */ = {
			isa = PBXGroup;
			children = (
				111A250D1C5342C70013A9CA /* LocationTracker.m */,
				111A250E1C5342C70013A9CA /* LocationTracker.h */,
				111A250F1C5342C70013A9CA /* LocationShareModel.m */,
				111A25101C5342C70013A9CA /* LocationShareModel.h */,
				111A25111C5342C70013A9CA /* BackgroundTaskManager.m */,
				111A25121C5342C70013A9CA /* BackgroundTaskManager.h */,
			);
			name = TrackLocation;
			path = Views/TrackLocation;
			sourceTree = "<group>";
		};
		11E889401C4F5632003E9633 /* CoreData */ = {
			isa = PBXGroup;
			children = (
				11E889421C4F57FE003E9633 /* cl_coreData.swift */,
				11C3B1711C56008300E50193 /* cl_Frequency.swift */,
				1110E04D1CABFA0300AE132F /* cl_log.swift */,
				1110E0551CABFB5700AE132F /* logs.swift */,
			);
			path = CoreData;
			sourceTree = "<group>";
		};
		40E3546B5740D77F373767CF /* Pods */ = {
			isa = PBXGroup;
			children = (
				3C5C896F08706DD1428A0ED8 /* Pods-BA-Clock.debug.xcconfig */,
				41515ADC4D8E6DED1032837D /* Pods-BA-Clock.release.xcconfig */,
			);
			name = Pods;
			sourceTree = "<group>";
		};
		89592751F8F74FFAC20BD0BA /* Frameworks */ = {
			isa = PBXGroup;
			children = (
				DD3E751F02820BA23FF63338 /* libPods-BA-Clock.a */,
			);
			name = Frameworks;
			sourceTree = "<group>";
		};
/* End PBXGroup section */

/* Begin PBXNativeTarget section */
		11128F581C3E0EE2006390C1 /* BA-Clock */ = {
			isa = PBXNativeTarget;
			buildConfigurationList = 11128F6E1C3E0EE2006390C1 /* Build configuration list for PBXNativeTarget "BA-Clock" */;
			buildPhases = (
				4C5B1C694B2BCBBAADE3E61F /* Check Pods Manifest.lock */,
				11128F551C3E0EE2006390C1 /* Sources */,
				11128F561C3E0EE2006390C1 /* Frameworks */,
				11128F571C3E0EE2006390C1 /* Resources */,
				11128F931C3E3869006390C1 /* Embed Frameworks */,
				C472570D5B195AB91AD614B2 /* Embed Pods Frameworks */,
				B334769454110D51BCC446D1 /* Copy Pods Resources */,
			);
			buildRules = (
			);
			dependencies = (
				11128F921C3E3869006390C1 /* PBXTargetDependency */,
			);
			name = "BA-Clock";
			productName = "BA-Clock";
			productReference = 11128F591C3E0EE2006390C1 /* BA-Clock.app */;
			productType = "com.apple.product-type.application";
		};
/* End PBXNativeTarget section */

/* Begin PBXProject section */
		11128F511C3E0EE2006390C1 /* Project object */ = {
			isa = PBXProject;
			attributes = {
				LastSwiftUpdateCheck = 0720;
				LastUpgradeCheck = 0720;
				ORGANIZATIONNAME = BuildersAccess;
				TargetAttributes = {
					11128F581C3E0EE2006390C1 = {
						CreatedOnToolsVersion = 7.2;
						DevelopmentTeam = 7D8CVP7EK4;
					};
				};
			};
			buildConfigurationList = 11128F541C3E0EE2006390C1 /* Build configuration list for PBXProject "BA-Clock" */;
			compatibilityVersion = "Xcode 3.2";
			developmentRegion = English;
			hasScannedForEncodings = 0;
			knownRegions = (
				en,
				Base,
			);
			mainGroup = 11128F501C3E0EE2006390C1;
			productRefGroup = 11128F5A1C3E0EE2006390C1 /* Products */;
			projectDirPath = "";
			projectReferences = (
				{
					ProductGroup = 11128F781C3E385D006390C1 /* Products */;
					ProjectRef = 11128F771C3E385D006390C1 /* Alamofire.xcodeproj */;
				},
			);
			projectRoot = "";
			targets = (
				11128F581C3E0EE2006390C1 /* BA-Clock */,
			);
		};
/* End PBXProject section */

/* Begin PBXReferenceProxy section */
		11128F821C3E385D006390C1 /* Alamofire.framework */ = {
			isa = PBXReferenceProxy;
			fileType = wrapper.framework;
			path = Alamofire.framework;
			remoteRef = 11128F811C3E385D006390C1 /* PBXContainerItemProxy */;
			sourceTree = BUILT_PRODUCTS_DIR;
		};
		11128F841C3E385D006390C1 /* Alamofire iOS Tests.xctest */ = {
			isa = PBXReferenceProxy;
			fileType = wrapper.cfbundle;
			path = "Alamofire iOS Tests.xctest";
			remoteRef = 11128F831C3E385D006390C1 /* PBXContainerItemProxy */;
			sourceTree = BUILT_PRODUCTS_DIR;
		};
		11128F861C3E385D006390C1 /* Alamofire.framework */ = {
			isa = PBXReferenceProxy;
			fileType = wrapper.framework;
			path = Alamofire.framework;
			remoteRef = 11128F851C3E385D006390C1 /* PBXContainerItemProxy */;
			sourceTree = BUILT_PRODUCTS_DIR;
		};
		11128F881C3E385D006390C1 /* Alamofire OSX Tests.xctest */ = {
			isa = PBXReferenceProxy;
			fileType = wrapper.cfbundle;
			path = "Alamofire OSX Tests.xctest";
			remoteRef = 11128F871C3E385D006390C1 /* PBXContainerItemProxy */;
			sourceTree = BUILT_PRODUCTS_DIR;
		};
		11128F8A1C3E385D006390C1 /* Alamofire.framework */ = {
			isa = PBXReferenceProxy;
			fileType = wrapper.framework;
			path = Alamofire.framework;
			remoteRef = 11128F891C3E385D006390C1 /* PBXContainerItemProxy */;
			sourceTree = BUILT_PRODUCTS_DIR;
		};
		11128F8C1C3E385D006390C1 /* Alamofire tvOS Tests.xctest */ = {
			isa = PBXReferenceProxy;
			fileType = wrapper.cfbundle;
			path = "Alamofire tvOS Tests.xctest";
			remoteRef = 11128F8B1C3E385D006390C1 /* PBXContainerItemProxy */;
			sourceTree = BUILT_PRODUCTS_DIR;
		};
		11128F8E1C3E385D006390C1 /* Alamofire.framework */ = {
			isa = PBXReferenceProxy;
			fileType = wrapper.framework;
			path = Alamofire.framework;
			remoteRef = 11128F8D1C3E385D006390C1 /* PBXContainerItemProxy */;
			sourceTree = BUILT_PRODUCTS_DIR;
		};
/* End PBXReferenceProxy section */

/* Begin PBXResourcesBuildPhase section */
		11128F571C3E0EE2006390C1 /* Resources */ = {
			isa = PBXResourcesBuildPhase;
			buildActionMask = 2147483647;
			files = (
				11561A0F1C4F6C3D007A049A /* Main.storyboard in Resources */,
				11128F6A1C3E0EE2006390C1 /* LaunchScreen.storyboard in Resources */,
				11128F671C3E0EE2006390C1 /* Assets.xcassets in Resources */,
			);
			runOnlyForDeploymentPostprocessing = 0;
		};
/* End PBXResourcesBuildPhase section */

/* Begin PBXShellScriptBuildPhase section */
		4C5B1C694B2BCBBAADE3E61F /* Check Pods Manifest.lock */ = {
			isa = PBXShellScriptBuildPhase;
			buildActionMask = 2147483647;
			files = (
			);
			inputPaths = (
			);
			name = "Check Pods Manifest.lock";
			outputPaths = (
			);
			runOnlyForDeploymentPostprocessing = 0;
			shellPath = /bin/sh;
			shellScript = "diff \"${PODS_ROOT}/../Podfile.lock\" \"${PODS_ROOT}/Manifest.lock\" > /dev/null\nif [[ $? != 0 ]] ; then\n    cat << EOM\nerror: The sandbox is not in sync with the Podfile.lock. Run 'pod install' or update your CocoaPods installation.\nEOM\n    exit 1\nfi\n";
			showEnvVarsInLog = 0;
		};
		B334769454110D51BCC446D1 /* Copy Pods Resources */ = {
			isa = PBXShellScriptBuildPhase;
			buildActionMask = 2147483647;
			files = (
			);
			inputPaths = (
			);
			name = "Copy Pods Resources";
			outputPaths = (
			);
			runOnlyForDeploymentPostprocessing = 0;
			shellPath = /bin/sh;
			shellScript = "\"${SRCROOT}/Pods/Target Support Files/Pods-BA-Clock/Pods-BA-Clock-resources.sh\"\n";
			showEnvVarsInLog = 0;
		};
		C472570D5B195AB91AD614B2 /* Embed Pods Frameworks */ = {
			isa = PBXShellScriptBuildPhase;
			buildActionMask = 2147483647;
			files = (
			);
			inputPaths = (
			);
			name = "Embed Pods Frameworks";
			outputPaths = (
			);
			runOnlyForDeploymentPostprocessing = 0;
			shellPath = /bin/sh;
			shellScript = "\"${SRCROOT}/Pods/Target Support Files/Pods-BA-Clock/Pods-BA-Clock-frameworks.sh\"\n";
			showEnvVarsInLog = 0;
		};
/* End PBXShellScriptBuildPhase section */

/* Begin PBXSourcesBuildPhase section */
		11128F551C3E0EE2006390C1 /* Sources */ = {
			isa = PBXSourcesBuildPhase;
			buildActionMask = 2147483647;
			files = (
				11810D4A1C478C2800298DD9 /* CoordinateObject.swift in Sources */,
				111BF4C01C4E22AC00C94E66 /* ClockResponse.swift in Sources */,
				11BCEBD21C608D3E007726D4 /* TrackDotItem.swift in Sources */,
				11810D3F1C476F6E00298DD9 /* RequiredBaseObject.swift in Sources */,
				11128F761C3E3789006390C1 /* LoginViewController.swift in Sources */,
				11128F971C3E38D4006390C1 /* CConstants.swift in Sources */,
				11810D481C4788EC00298DD9 /* ClockMapCell.swift in Sources */,
				110B810B1C4616F600FE136D /* LoginedInfo.swift in Sources */,
				111AA6AD1C48C93D00BD4098 /* SubmitLocationRequired.swift in Sources */,
				11632C061CD357BE00B70C44 /* noteTableViewCell.swift in Sources */,
				110645AA1C4725F300795996 /* Tool.swift in Sources */,
				11632BFC1CD3261100B70C44 /* timeSelectorViewController.swift in Sources */,
				11F256C41C48CA08009353CD /* ClockOutRequired.swift in Sources */,
				11104F8A1C589ED100DF7922 /* DeviceTokenRequired.swift in Sources */,
				111A25151C5342C70013A9CA /* BackgroundTaskManager.m in Sources */,
				11C3B1721C56008300E50193 /* cl_Frequency.swift in Sources */,
				1110E0561CABFB5700AE132F /* logs.swift in Sources */,
				11632C041CD32F9D00B70C44 /* MoreTableViewCell.swift in Sources */,
				1104C2CE1C8EAD1C00B50B5F /* GISTrackViewController.swift in Sources */,
				1104C2D61C8EBDB100B50B5F /* MoreViewController.swift in Sources */,
				11128F951C3E38A6006390C1 /* BaseViewController.swift in Sources */,
				11F8DC301C50A981002E4736 /* FrequencyItem.swift in Sources */,
				11128F5D1C3E0EE2006390C1 /* AppDelegate.swift in Sources */,
				1110E04E1CABFA0300AE132F /* cl_log.swift in Sources */,
				1189AC4E1C5F4A1C00E407FE /* CustomAnnotation.swift in Sources */,
				111A25131C5342C70013A9CA /* LocationTracker.m in Sources */,
				11E889431C4F57FE003E9633 /* cl_coreData.swift in Sources */,
				1116A7AA1C8FB60400438FBB /* MoreActionRequired.swift in Sources */,
				111FF7E61C92906200960FD3 /* AgreementViewController.swift in Sources */,
				110B81101C46189100FE136D /* ScheduledDayItem.swift in Sources */,
				11128F651C3E0EE2006390C1 /* BA_Clock.xcdatamodeld in Sources */,
				1158DA791C44CF930022B2D5 /* ClockMapViewController.swift in Sources */,
				110B810E1C46175E00FE136D /* BaseObject.swift in Sources */,
				110645AC1C47643800795996 /* ClockInRequired.swift in Sources */,
				112D38991C9A72A100E98E9C /* TextTableViewCell.swift in Sources */,
				111A25141C5342C70013A9CA /* LocationShareModel.m in Sources */,
				1166D8571C4CC8CE00878F7C /* LoginRequired.swift in Sources */,
				110B81141C4625B300FE136D /* ClockTextCell.swift in Sources */,
				1189AC4B1C5F3E3400E407FE /* MapViewController.swift in Sources */,
				1110E0581CABFDB100AE132F /* logFile.swift in Sources */,
				111BF4B71C4E121600C94E66 /* OAuthTokenItem.swift in Sources */,
			);
			runOnlyForDeploymentPostprocessing = 0;
		};
/* End PBXSourcesBuildPhase section */

/* Begin PBXTargetDependency section */
		11128F921C3E3869006390C1 /* PBXTargetDependency */ = {
			isa = PBXTargetDependency;
			name = "Alamofire iOS";
			targetProxy = 11128F911C3E3869006390C1 /* PBXContainerItemProxy */;
		};
/* End PBXTargetDependency section */

/* Begin PBXVariantGroup section */
		11128F681C3E0EE2006390C1 /* LaunchScreen.storyboard */ = {
			isa = PBXVariantGroup;
			children = (
				11128F691C3E0EE2006390C1 /* Base */,
			);
			name = LaunchScreen.storyboard;
			sourceTree = "<group>";
		};
/* End PBXVariantGroup section */

/* Begin XCBuildConfiguration section */
		11128F6C1C3E0EE2006390C1 /* Debug */ = {
			isa = XCBuildConfiguration;
			buildSettings = {
				ALWAYS_SEARCH_USER_PATHS = NO;
				CLANG_CXX_LANGUAGE_STANDARD = "gnu++0x";
				CLANG_CXX_LIBRARY = "libc++";
				CLANG_ENABLE_MODULES = YES;
				CLANG_ENABLE_OBJC_ARC = YES;
				CLANG_WARN_BOOL_CONVERSION = YES;
				CLANG_WARN_CONSTANT_CONVERSION = YES;
				CLANG_WARN_DIRECT_OBJC_ISA_USAGE = YES_ERROR;
				CLANG_WARN_EMPTY_BODY = YES;
				CLANG_WARN_ENUM_CONVERSION = YES;
				CLANG_WARN_INT_CONVERSION = YES;
				CLANG_WARN_OBJC_ROOT_CLASS = YES_ERROR;
				CLANG_WARN_UNREACHABLE_CODE = YES;
				CLANG_WARN__DUPLICATE_METHOD_MATCH = YES;
				"CODE_SIGN_IDENTITY[sdk=iphoneos*]" = "iPhone Developer";
				COPY_PHASE_STRIP = NO;
				DEBUG_INFORMATION_FORMAT = dwarf;
				ENABLE_STRICT_OBJC_MSGSEND = YES;
				ENABLE_TESTABILITY = YES;
				GCC_C_LANGUAGE_STANDARD = gnu99;
				GCC_DYNAMIC_NO_PIC = NO;
				GCC_NO_COMMON_BLOCKS = YES;
				GCC_OPTIMIZATION_LEVEL = 0;
				GCC_PREPROCESSOR_DEFINITIONS = (
					"DEBUG=1",
					"$(inherited)",
				);
				GCC_WARN_64_TO_32_BIT_CONVERSION = YES;
				GCC_WARN_ABOUT_RETURN_TYPE = YES_ERROR;
				GCC_WARN_UNDECLARED_SELECTOR = YES;
				GCC_WARN_UNINITIALIZED_AUTOS = YES_AGGRESSIVE;
				GCC_WARN_UNUSED_FUNCTION = YES;
				GCC_WARN_UNUSED_VARIABLE = YES;
				IPHONEOS_DEPLOYMENT_TARGET = 9.2;
				MTL_ENABLE_DEBUG_INFO = YES;
				ONLY_ACTIVE_ARCH = YES;
				SDKROOT = iphoneos;
				SWIFT_OPTIMIZATION_LEVEL = "-Onone";
			};
			name = Debug;
		};
		11128F6D1C3E0EE2006390C1 /* Release */ = {
			isa = XCBuildConfiguration;
			buildSettings = {
				ALWAYS_SEARCH_USER_PATHS = NO;
				CLANG_CXX_LANGUAGE_STANDARD = "gnu++0x";
				CLANG_CXX_LIBRARY = "libc++";
				CLANG_ENABLE_MODULES = YES;
				CLANG_ENABLE_OBJC_ARC = YES;
				CLANG_WARN_BOOL_CONVERSION = YES;
				CLANG_WARN_CONSTANT_CONVERSION = YES;
				CLANG_WARN_DIRECT_OBJC_ISA_USAGE = YES_ERROR;
				CLANG_WARN_EMPTY_BODY = YES;
				CLANG_WARN_ENUM_CONVERSION = YES;
				CLANG_WARN_INT_CONVERSION = YES;
				CLANG_WARN_OBJC_ROOT_CLASS = YES_ERROR;
				CLANG_WARN_UNREACHABLE_CODE = YES;
				CLANG_WARN__DUPLICATE_METHOD_MATCH = YES;
				"CODE_SIGN_IDENTITY[sdk=iphoneos*]" = "iPhone Developer";
				COPY_PHASE_STRIP = NO;
				DEBUG_INFORMATION_FORMAT = "dwarf-with-dsym";
				ENABLE_NS_ASSERTIONS = NO;
				ENABLE_STRICT_OBJC_MSGSEND = YES;
				GCC_C_LANGUAGE_STANDARD = gnu99;
				GCC_NO_COMMON_BLOCKS = YES;
				GCC_WARN_64_TO_32_BIT_CONVERSION = YES;
				GCC_WARN_ABOUT_RETURN_TYPE = YES_ERROR;
				GCC_WARN_UNDECLARED_SELECTOR = YES;
				GCC_WARN_UNINITIALIZED_AUTOS = YES_AGGRESSIVE;
				GCC_WARN_UNUSED_FUNCTION = YES;
				GCC_WARN_UNUSED_VARIABLE = YES;
				IPHONEOS_DEPLOYMENT_TARGET = 9.2;
				MTL_ENABLE_DEBUG_INFO = NO;
				SDKROOT = iphoneos;
				VALIDATE_PRODUCT = YES;
			};
			name = Release;
		};
		11128F6F1C3E0EE2006390C1 /* Debug */ = {
			isa = XCBuildConfiguration;
			baseConfigurationReference = 3C5C896F08706DD1428A0ED8 /* Pods-BA-Clock.debug.xcconfig */;
			buildSettings = {
				ASSETCATALOG_COMPILER_APPICON_NAME = AppIcon;
				CLANG_ENABLE_MODULES = YES;
				CODE_SIGN_IDENTITY = "iPhone Developer";
				EMBEDDED_CONTENT_CONTAINS_SWIFT = YES;
				INFOPLIST_FILE = "BA-Clock/Info.plist";
				LD_RUNPATH_SEARCH_PATHS = "$(inherited) @executable_path/Frameworks";
				PRODUCT_BUNDLE_IDENTIFIER = com.buildersaccess.Clock;
				PRODUCT_NAME = "$(TARGET_NAME)";
				SWIFT_OBJC_BRIDGING_HEADER = "BA-Clock/Views/BA-Clock-Bridging-Header.h";
				SWIFT_OPTIMIZATION_LEVEL = "-Onone";
			};
			name = Debug;
		};
		11128F701C3E0EE2006390C1 /* Release */ = {
			isa = XCBuildConfiguration;
			baseConfigurationReference = 41515ADC4D8E6DED1032837D /* Pods-BA-Clock.release.xcconfig */;
			buildSettings = {
				ASSETCATALOG_COMPILER_APPICON_NAME = AppIcon;
				CLANG_ENABLE_MODULES = YES;
				CODE_SIGN_IDENTITY = "iPhone Developer";
				EMBEDDED_CONTENT_CONTAINS_SWIFT = YES;
				INFOPLIST_FILE = "BA-Clock/Info.plist";
				LD_RUNPATH_SEARCH_PATHS = "$(inherited) @executable_path/Frameworks";
				PRODUCT_BUNDLE_IDENTIFIER = com.buildersaccess.Clock;
				PRODUCT_NAME = "$(TARGET_NAME)";
				SWIFT_OBJC_BRIDGING_HEADER = "BA-Clock/Views/BA-Clock-Bridging-Header.h";
			};
			name = Release;
		};
/* End XCBuildConfiguration section */

/* Begin XCConfigurationList section */
		11128F541C3E0EE2006390C1 /* Build configuration list for PBXProject "BA-Clock" */ = {
			isa = XCConfigurationList;
			buildConfigurations = (
				11128F6C1C3E0EE2006390C1 /* Debug */,
				11128F6D1C3E0EE2006390C1 /* Release */,
			);
			defaultConfigurationIsVisible = 0;
			defaultConfigurationName = Release;
		};
		11128F6E1C3E0EE2006390C1 /* Build configuration list for PBXNativeTarget "BA-Clock" */ = {
			isa = XCConfigurationList;
			buildConfigurations = (
				11128F6F1C3E0EE2006390C1 /* Debug */,
				11128F701C3E0EE2006390C1 /* Release */,
			);
			defaultConfigurationIsVisible = 0;
			defaultConfigurationName = Release;
		};
/* End XCConfigurationList section */

/* Begin XCVersionGroup section */
		11128F631C3E0EE2006390C1 /* BA_Clock.xcdatamodeld */ = {
			isa = XCVersionGroup;
			children = (
				11128F641C3E0EE2006390C1 /* BA_Clock.xcdatamodel */,
			);
			currentVersion = 11128F641C3E0EE2006390C1 /* BA_Clock.xcdatamodel */;
			path = BA_Clock.xcdatamodeld;
			sourceTree = "<group>";
			versionGroupType = wrapper.xcdatamodel;
		};
/* End XCVersionGroup section */
	};
	rootObject = 11128F511C3E0EE2006390C1 /* Project object */;
}
